
Microsoft Visual Studio Solution File, Format Version 12.00
# Visual Studio Version 17
VisualStudioVersion = 17.12.35527.113 d17.12
MinimumVisualStudioVersion = 10.0.40219.1
Project("{FAE04EC0-301F-11D3-BF4B-00C04F79EFBC}") = "uzuuchi", "uzuuchi\uzuuchi.csproj", "{5AA71069-3B75-49C0-AE3B-177C3539D2FC}"
EndProject
Global
	GlobalSection(SolutionConfigurationPlatforms) = preSolution
		Debug|Any CPU = Debug|Any CPU
		Release|Any CPU = Release|Any CPU
	EndGlobalSection
	GlobalSection(ProjectConfigurationPlatforms) = postSolution
		{5AA71069-3B75-49C0-AE3B-177C3539D2FC}.Debug|Any CPU.ActiveCfg = Debug|Any CPU
		{5AA71069-3B75-49C0-AE3B-177C3539D2FC}.Debug|Any CPU.Build.0 = Debug|Any CPU
		{5AA71069-3B75-49C0-AE3B-177C3539D2FC}.Release|Any CPU.ActiveCfg = Release|Any CPU
		{5AA71069-3B75-49C0-AE3B-177C3539D2FC}.Release|Any CPU.Build.0 = Release|Any CPU
	EndGlobalSection
	GlobalSection(SolutionProperties) = preSolution
		HideSolutionNode = FALSE
	EndGlobalSection
EndGlobal
